
Microsoft Visual Studio Solution File, Format Version 12.00
# Visual Studio 15
VisualStudioVersion = 15.0.27130.2027
MinimumVisualStudioVersion = 10.0.40219.1
Project("{FAE04EC0-301F-11D3-BF4B-00C04F79EFBC}") = "SKU.UIL", "WebApplication1\SKU.UIL.csproj", "{44ECDE72-1484-4AE5-A078-84410F6067FE}"
EndProject
Project("{FAE04EC0-301F-11D3-BF4B-00C04F79EFBC}") = "SKU.Entities", "SKU.Entities\SKU.Entities.csproj", "{EFBA75C1-B92E-42AB-B7B5-D8D5D9F7B775}"
EndProject
Project("{FAE04EC0-301F-11D3-BF4B-00C04F79EFBC}") = "SKU.BLL", "SKU.BLL\SKU.BLL.csproj", "{282BC71D-7277-48B6-B8E1-11DE861AB685}"
EndProject
Project("{FAE04EC0-301F-11D3-BF4B-00C04F79EFBC}") = "SKU.DAO", "SKU.DAO\SKU.DAO.csproj", "{C13F4647-781C-4633-847D-2CD6AEADD59A}"
EndProject
Global
	GlobalSection(SolutionConfigurationPlatforms) = preSolution
		Debug|Any CPU = Debug|Any CPU
		Release|Any CPU = Release|Any CPU
	EndGlobalSection
	GlobalSection(ProjectConfigurationPlatforms) = postSolution
		{44ECDE72-1484-4AE5-A078-84410F6067FE}.Debug|Any CPU.ActiveCfg = Debug|Any CPU
		{44ECDE72-1484-4AE5-A078-84410F6067FE}.Debug|Any CPU.Build.0 = Debug|Any CPU
		{44ECDE72-1484-4AE5-A078-84410F6067FE}.Release|Any CPU.ActiveCfg = Release|Any CPU
		{44ECDE72-1484-4AE5-A078-84410F6067FE}.Release|Any CPU.Build.0 = Release|Any CPU
		{EFBA75C1-B92E-42AB-B7B5-D8D5D9F7B775}.Debug|Any CPU.ActiveCfg = Debug|Any CPU
		{EFBA75C1-B92E-42AB-B7B5-D8D5D9F7B775}.Debug|Any CPU.Build.0 = Debug|Any CPU
		{EFBA75C1-B92E-42AB-B7B5-D8D5D9F7B775}.Release|Any CPU.ActiveCfg = Release|Any CPU
		{EFBA75C1-B92E-42AB-B7B5-D8D5D9F7B775}.Release|Any CPU.Build.0 = Release|Any CPU
		{282BC71D-7277-48B6-B8E1-11DE861AB685}.Debug|Any CPU.ActiveCfg = Debug|Any CPU
		{282BC71D-7277-48B6-B8E1-11DE861AB685}.Debug|Any CPU.Build.0 = Debug|Any CPU
		{282BC71D-7277-48B6-B8E1-11DE861AB685}.Release|Any CPU.ActiveCfg = Release|Any CPU
		{282BC71D-7277-48B6-B8E1-11DE861AB685}.Release|Any CPU.Build.0 = Release|Any CPU
		{C13F4647-781C-4633-847D-2CD6AEADD59A}.Debug|Any CPU.ActiveCfg = Debug|Any CPU
		{C13F4647-781C-4633-847D-2CD6AEADD59A}.Debug|Any CPU.Build.0 = Debug|Any CPU
		{C13F4647-781C-4633-847D-2CD6AEADD59A}.Release|Any CPU.ActiveCfg = Release|Any CPU
		{C13F4647-781C-4633-847D-2CD6AEADD59A}.Release|Any CPU.Build.0 = Release|Any CPU
	EndGlobalSection
	GlobalSection(SolutionProperties) = preSolution
		HideSolutionNode = FALSE
	EndGlobalSection
	GlobalSection(ExtensibilityGlobals) = postSolution
		SolutionGuid = {7A078469-AF0B-4915-83FA-BA15D6274A44}
	EndGlobalSection
EndGlobal
